// !$*UTF8*$!
{
	archiveVersion = 1;
	classes = {
	};
	objectVersion = 50;
	objects = {

/* Begin PBXBuildFile section */
		8782D34621CB85450022A0F6 /* AppDelegate.swift in Sources */ = {isa = PBXBuildFile; fileRef = 8782D34521CB85450022A0F6 /* AppDelegate.swift */; };
		8782D34821CB85450022A0F6 /* GameScene.sks in Resources */ = {isa = PBXBuildFile; fileRef = 8782D34721CB85450022A0F6 /* GameScene.sks */; };
		8782D34A21CB85450022A0F6 /* Actions.sks in Resources */ = {isa = PBXBuildFile; fileRef = 8782D34921CB85450022A0F6 /* Actions.sks */; };
		8782D34C21CB85450022A0F6 /* GameScene.swift in Sources */ = {isa = PBXBuildFile; fileRef = 8782D34B21CB85450022A0F6 /* GameScene.swift */; };
		8782D34E21CB85450022A0F6 /* GameViewController.swift in Sources */ = {isa = PBXBuildFile; fileRef = 8782D34D21CB85450022A0F6 /* GameViewController.swift */; };
		8782D35121CB85450022A0F6 /* Main.storyboard in Resources */ = {isa = PBXBuildFile; fileRef = 8782D34F21CB85450022A0F6 /* Main.storyboard */; };
		8782D35321CB85450022A0F6 /* Assets.xcassets in Resources */ = {isa = PBXBuildFile; fileRef = 8782D35221CB85450022A0F6 /* Assets.xcassets */; };
		8782D35621CB85450022A0F6 /* LaunchScreen.storyboard in Resources */ = {isa = PBXBuildFile; fileRef = 8782D35421CB85450022A0F6 /* LaunchScreen.storyboard */; };
		878AEA9B21CBA13E00BABCDE /* Interface.storyboard in Resources */ = {isa = PBXBuildFile; fileRef = 878AEA9921CBA13E00BABCDE /* Interface.storyboard */; };
		878AEA9D21CBA13E00BABCDE /* Assets.xcassets in Resources */ = {isa = PBXBuildFile; fileRef = 878AEA9C21CBA13E00BABCDE /* Assets.xcassets */; };
		878AEAA421CBA13E00BABCDE /* Pong For Watch Extension.appex in Embed App Extensions */ = {isa = PBXBuildFile; fileRef = 878AEAA321CBA13E00BABCDE /* Pong For Watch Extension.appex */; settings = {ATTRIBUTES = (RemoveHeadersOnCopy, ); }; };
		878AEAA921CBA13E00BABCDE /* InterfaceController.swift in Sources */ = {isa = PBXBuildFile; fileRef = 878AEAA821CBA13E00BABCDE /* InterfaceController.swift */; };
		878AEAAB21CBA13F00BABCDE /* GameScene.sks in Resources */ = {isa = PBXBuildFile; fileRef = 878AEAAA21CBA13F00BABCDE /* GameScene.sks */; };
		878AEAAD21CBA13F00BABCDE /* GameScene.swift in Sources */ = {isa = PBXBuildFile; fileRef = 878AEAAC21CBA13F00BABCDE /* GameScene.swift */; };
		878AEAAF21CBA13F00BABCDE /* ExtensionDelegate.swift in Sources */ = {isa = PBXBuildFile; fileRef = 878AEAAE21CBA13F00BABCDE /* ExtensionDelegate.swift */; };
		878AEAB121CBA13F00BABCDE /* NotificationController.swift in Sources */ = {isa = PBXBuildFile; fileRef = 878AEAB021CBA13F00BABCDE /* NotificationController.swift */; };
		878AEAB321CBA13F00BABCDE /* Assets.xcassets in Resources */ = {isa = PBXBuildFile; fileRef = 878AEAB221CBA13F00BABCDE /* Assets.xcassets */; };
		878AEAB821CBA13F00BABCDE /* Pong For Watch.app in Embed Watch Content */ = {isa = PBXBuildFile; fileRef = 878AEA9721CBA13E00BABCDE /* Pong For Watch.app */; };
		878AEAC221CBB14900BABCDE /* Ball.png in Resources */ = {isa = PBXBuildFile; fileRef = 878AEAC121CBB14900BABCDE /* Ball.png */; };
/* End PBXBuildFile section */

/* Begin PBXContainerItemProxy section */
		878AEAA521CBA13E00BABCDE /* PBXContainerItemProxy */ = {
			isa = PBXContainerItemProxy;
			containerPortal = 8782D33A21CB85450022A0F6 /* Project object */;
			proxyType = 1;
			remoteGlobalIDString = 878AEAA221CBA13E00BABCDE;
			remoteInfo = "Pong For Watch Extension";
		};
		878AEAB621CBA13F00BABCDE /* PBXContainerItemProxy */ = {
			isa = PBXContainerItemProxy;
			containerPortal = 8782D33A21CB85450022A0F6 /* Project object */;
			proxyType = 1;
			remoteGlobalIDString = 878AEA9621CBA13E00BABCDE;
			remoteInfo = "Pong For Watch";
		};
/* End PBXContainerItemProxy section */

/* Begin PBXCopyFilesBuildPhase section */
		878AEABE21CBA13F00BABCDE /* Embed App Extensions */ = {
			isa = PBXCopyFilesBuildPhase;
			buildActionMask = 2147483647;
			dstPath = "";
			dstSubfolderSpec = 13;
			files = (
				878AEAA421CBA13E00BABCDE /* Pong For Watch Extension.appex in Embed App Extensions */,
			);
			name = "Embed App Extensions";
			runOnlyForDeploymentPostprocessing = 0;
		};
		878AEAC021CBA13F00BABCDE /* Embed Watch Content */ = {
			isa = PBXCopyFilesBuildPhase;
			buildActionMask = 2147483647;
			dstPath = "$(CONTENTS_FOLDER_PATH)/Watch";
			dstSubfolderSpec = 16;
			files = (
				878AEAB821CBA13F00BABCDE /* Pong For Watch.app in Embed Watch Content */,
			);
			name = "Embed Watch Content";
			runOnlyForDeploymentPostprocessing = 0;
		};
/* End PBXCopyFilesBuildPhase section */

/* Begin PBXFileReference section */
		8782D34221CB85450022A0F6 /* Pong.app */ = {isa = PBXFileReference; explicitFileType = wrapper.application; includeInIndex = 0; path = Pong.app; sourceTree = BUILT_PRODUCTS_DIR; };
		8782D34521CB85450022A0F6 /* AppDelegate.swift */ = {isa = PBXFileReference; lastKnownFileType = sourcecode.swift; path = AppDelegate.swift; sourceTree = "<group>"; };
		8782D34721CB85450022A0F6 /* GameScene.sks */ = {isa = PBXFileReference; lastKnownFileType = file.sks; path = GameScene.sks; sourceTree = "<group>"; };
		8782D34921CB85450022A0F6 /* Actions.sks */ = {isa = PBXFileReference; lastKnownFileType = file.sks; path = Actions.sks; sourceTree = "<group>"; };
		8782D34B21CB85450022A0F6 /* GameScene.swift */ = {isa = PBXFileReference; lastKnownFileType = sourcecode.swift; path = GameScene.swift; sourceTree = "<group>"; };
		8782D34D21CB85450022A0F6 /* GameViewController.swift */ = {isa = PBXFileReference; lastKnownFileType = sourcecode.swift; path = GameViewController.swift; sourceTree = "<group>"; };
		8782D35021CB85450022A0F6 /* Base */ = {isa = PBXFileReference; lastKnownFileType = file.storyboard; name = Base; path = Base.lproj/Main.storyboard; sourceTree = "<group>"; };
		8782D35221CB85450022A0F6 /* Assets.xcassets */ = {isa = PBXFileReference; lastKnownFileType = folder.assetcatalog; path = Assets.xcassets; sourceTree = "<group>"; };
		8782D35521CB85450022A0F6 /* Base */ = {isa = PBXFileReference; lastKnownFileType = file.storyboard; name = Base; path = Base.lproj/LaunchScreen.storyboard; sourceTree = "<group>"; };
		8782D35721CB85450022A0F6 /* Info.plist */ = {isa = PBXFileReference; lastKnownFileType = text.plist.xml; path = Info.plist; sourceTree = "<group>"; };
		878AEA9721CBA13E00BABCDE /* Pong For Watch.app */ = {isa = PBXFileReference; explicitFileType = wrapper.application; includeInIndex = 0; path = "Pong For Watch.app"; sourceTree = BUILT_PRODUCTS_DIR; };
		878AEA9A21CBA13E00BABCDE /* Base */ = {isa = PBXFileReference; lastKnownFileType = file.storyboard; name = Base; path = Base.lproj/Interface.storyboard; sourceTree = "<group>"; };
		878AEA9C21CBA13E00BABCDE /* Assets.xcassets */ = {isa = PBXFileReference; lastKnownFileType = folder.assetcatalog; path = Assets.xcassets; sourceTree = "<group>"; };
		878AEA9E21CBA13E00BABCDE /* Info.plist */ = {isa = PBXFileReference; lastKnownFileType = text.plist.xml; path = Info.plist; sourceTree = "<group>"; };
		878AEAA321CBA13E00BABCDE /* Pong For Watch Extension.appex */ = {isa = PBXFileReference; explicitFileType = "wrapper.app-extension"; includeInIndex = 0; path = "Pong For Watch Extension.appex"; sourceTree = BUILT_PRODUCTS_DIR; };
		878AEAA821CBA13E00BABCDE /* InterfaceController.swift */ = {isa = PBXFileReference; lastKnownFileType = sourcecode.swift; path = InterfaceController.swift; sourceTree = "<group>"; };
		878AEAAA21CBA13F00BABCDE /* GameScene.sks */ = {isa = PBXFileReference; lastKnownFileType = file.sks; path = GameScene.sks; sourceTree = "<group>"; };
		878AEAAC21CBA13F00BABCDE /* GameScene.swift */ = {isa = PBXFileReference; lastKnownFileType = sourcecode.swift; path = GameScene.swift; sourceTree = "<group>"; };
		878AEAAE21CBA13F00BABCDE /* ExtensionDelegate.swift */ = {isa = PBXFileReference; lastKnownFileType = sourcecode.swift; path = ExtensionDelegate.swift; sourceTree = "<group>"; };
		878AEAB021CBA13F00BABCDE /* NotificationController.swift */ = {isa = PBXFileReference; lastKnownFileType = sourcecode.swift; path = NotificationController.swift; sourceTree = "<group>"; };
		878AEAB221CBA13F00BABCDE /* Assets.xcassets */ = {isa = PBXFileReference; lastKnownFileType = folder.assetcatalog; path = Assets.xcassets; sourceTree = "<group>"; };
		878AEAB421CBA13F00BABCDE /* Info.plist */ = {isa = PBXFileReference; lastKnownFileType = text.plist.xml; path = Info.plist; sourceTree = "<group>"; };
		878AEAB521CBA13F00BABCDE /* PushNotificationPayload.apns */ = {isa = PBXFileReference; lastKnownFileType = text; path = PushNotificationPayload.apns; sourceTree = "<group>"; };
		878AEAC121CBB14900BABCDE /* Ball.png */ = {isa = PBXFileReference; lastKnownFileType = image.png; path = Ball.png; sourceTree = "<group>"; };
/* End PBXFileReference section */

/* Begin PBXFrameworksBuildPhase section */
		8782D33F21CB85450022A0F6 /* Frameworks */ = {
			isa = PBXFrameworksBuildPhase;
			buildActionMask = 2147483647;
			files = (
			);
			runOnlyForDeploymentPostprocessing = 0;
		};
		878AEAA021CBA13E00BABCDE /* Frameworks */ = {
			isa = PBXFrameworksBuildPhase;
			buildActionMask = 2147483647;
			files = (
			);
			runOnlyForDeploymentPostprocessing = 0;
		};
/* End PBXFrameworksBuildPhase section */

/* Begin PBXGroup section */
		8782D33921CB85450022A0F6 = {
			isa = PBXGroup;
			children = (
				8782D34421CB85450022A0F6 /* Pong */,
				878AEA9821CBA13E00BABCDE /* Pong For Watch */,
				878AEAA721CBA13E00BABCDE /* Pong For Watch Extension */,
				8782D34321CB85450022A0F6 /* Products */,
			);
			sourceTree = "<group>";
		};
		8782D34321CB85450022A0F6 /* Products */ = {
			isa = PBXGroup;
			children = (
				8782D34221CB85450022A0F6 /* Pong.app */,
				878AEA9721CBA13E00BABCDE /* Pong For Watch.app */,
				878AEAA321CBA13E00BABCDE /* Pong For Watch Extension.appex */,
			);
			name = Products;
			sourceTree = "<group>";
		};
		8782D34421CB85450022A0F6 /* Pong */ = {
			isa = PBXGroup;
			children = (
				8782D34521CB85450022A0F6 /* AppDelegate.swift */,
				8782D34721CB85450022A0F6 /* GameScene.sks */,
				8782D34921CB85450022A0F6 /* Actions.sks */,
				8782D34B21CB85450022A0F6 /* GameScene.swift */,
				8782D34D21CB85450022A0F6 /* GameViewController.swift */,
				8782D34F21CB85450022A0F6 /* Main.storyboard */,
				8782D35221CB85450022A0F6 /* Assets.xcassets */,
				8782D35421CB85450022A0F6 /* LaunchScreen.storyboard */,
				8782D35721CB85450022A0F6 /* Info.plist */,
			);
			path = Pong;
			sourceTree = "<group>";
		};
		878AEA9821CBA13E00BABCDE /* Pong For Watch */ = {
			isa = PBXGroup;
			children = (
				878AEA9921CBA13E00BABCDE /* Interface.storyboard */,
				878AEA9C21CBA13E00BABCDE /* Assets.xcassets */,
				878AEA9E21CBA13E00BABCDE /* Info.plist */,
			);
			path = "Pong For Watch";
			sourceTree = "<group>";
		};
		878AEAA721CBA13E00BABCDE /* Pong For Watch Extension */ = {
			isa = PBXGroup;
			children = (
				878AEAA821CBA13E00BABCDE /* InterfaceController.swift */,
				878AEAAA21CBA13F00BABCDE /* GameScene.sks */,
				878AEAAC21CBA13F00BABCDE /* GameScene.swift */,
				878AEAAE21CBA13F00BABCDE /* ExtensionDelegate.swift */,
				878AEAB021CBA13F00BABCDE /* NotificationController.swift */,
				878AEAC121CBB14900BABCDE /* Ball.png */,
				878AEAB221CBA13F00BABCDE /* Assets.xcassets */,
				878AEAB421CBA13F00BABCDE /* Info.plist */,
				878AEAB521CBA13F00BABCDE /* PushNotificationPayload.apns */,
			);
			path = "Pong For Watch Extension";
			sourceTree = "<group>";
		};
/* End PBXGroup section */

/* Begin PBXNativeTarget section */
		8782D34121CB85450022A0F6 /* Pong */ = {
			isa = PBXNativeTarget;
			buildConfigurationList = 8782D35A21CB85450022A0F6 /* Build configuration list for PBXNativeTarget "Pong" */;
			buildPhases = (
				8782D33E21CB85450022A0F6 /* Sources */,
				8782D33F21CB85450022A0F6 /* Frameworks */,
				8782D34021CB85450022A0F6 /* Resources */,
				878AEAC021CBA13F00BABCDE /* Embed Watch Content */,
			);
			buildRules = (
			);
			dependencies = (
				878AEAB721CBA13F00BABCDE /* PBXTargetDependency */,
			);
			name = Pong;
			productName = Pong;
			productReference = 8782D34221CB85450022A0F6 /* Pong.app */;
			productType = "com.apple.product-type.application";
		};
		878AEA9621CBA13E00BABCDE /* Pong For Watch */ = {
			isa = PBXNativeTarget;
			buildConfigurationList = 878AEABF21CBA13F00BABCDE /* Build configuration list for PBXNativeTarget "Pong For Watch" */;
			buildPhases = (
				878AEA9521CBA13E00BABCDE /* Resources */,
				878AEABE21CBA13F00BABCDE /* Embed App Extensions */,
			);
			buildRules = (
			);
			dependencies = (
				878AEAA621CBA13E00BABCDE /* PBXTargetDependency */,
			);
			name = "Pong For Watch";
			productName = "Pong For Watch";
			productReference = 878AEA9721CBA13E00BABCDE /* Pong For Watch.app */;
			productType = "com.apple.product-type.application.watchapp2";
		};
		878AEAA221CBA13E00BABCDE /* Pong For Watch Extension */ = {
			isa = PBXNativeTarget;
			buildConfigurationList = 878AEABD21CBA13F00BABCDE /* Build configuration list for PBXNativeTarget "Pong For Watch Extension" */;
			buildPhases = (
				878AEA9F21CBA13E00BABCDE /* Sources */,
				878AEAA021CBA13E00BABCDE /* Frameworks */,
				878AEAA121CBA13E00BABCDE /* Resources */,
			);
			buildRules = (
			);
			dependencies = (
			);
			name = "Pong For Watch Extension";
			productName = "Pong For Watch Extension";
			productReference = 878AEAA321CBA13E00BABCDE /* Pong For Watch Extension.appex */;
			productType = "com.apple.product-type.watchkit2-extension";
		};
/* End PBXNativeTarget section */

/* Begin PBXProject section */
		8782D33A21CB85450022A0F6 /* Project object */ = {
			isa = PBXProject;
			attributes = {
				LastSwiftUpdateCheck = 1010;
				LastUpgradeCheck = 1010;
				ORGANIZATIONNAME = "Phani Srikar";
				TargetAttributes = {
					8782D34121CB85450022A0F6 = {
						CreatedOnToolsVersion = 10.1;
					};
					878AEA9621CBA13E00BABCDE = {
						CreatedOnToolsVersion = 10.1;
					};
					878AEAA221CBA13E00BABCDE = {
						CreatedOnToolsVersion = 10.1;
					};
				};
			};
			buildConfigurationList = 8782D33D21CB85450022A0F6 /* Build configuration list for PBXProject "Pong" */;
			compatibilityVersion = "Xcode 9.3";
			developmentRegion = en;
			hasScannedForEncodings = 0;
			knownRegions = (
				en,
				Base,
			);
			mainGroup = 8782D33921CB85450022A0F6;
			productRefGroup = 8782D34321CB85450022A0F6 /* Products */;
			projectDirPath = "";
			projectRoot = "";
			targets = (
				8782D34121CB85450022A0F6 /* Pong */,
				878AEA9621CBA13E00BABCDE /* Pong For Watch */,
				878AEAA221CBA13E00BABCDE /* Pong For Watch Extension */,
			);
		};
/* End PBXProject section */

/* Begin PBXResourcesBuildPhase section */
		8782D34021CB85450022A0F6 /* Resources */ = {
			isa = PBXResourcesBuildPhase;
			buildActionMask = 2147483647;
			files = (
				8782D35121CB85450022A0F6 /* Main.storyboard in Resources */,
				8782D34821CB85450022A0F6 /* GameScene.sks in Resources */,
				8782D35321CB85450022A0F6 /* Assets.xcassets in Resources */,
				8782D35621CB85450022A0F6 /* LaunchScreen.storyboard in Resources */,
				8782D34A21CB85450022A0F6 /* Actions.sks in Resources */,
			);
			runOnlyForDeploymentPostprocessing = 0;
		};
		878AEA9521CBA13E00BABCDE /* Resources */ = {
			isa = PBXResourcesBuildPhase;
			buildActionMask = 2147483647;
			files = (
				878AEAC221CBB14900BABCDE /* Ball.png in Resources */,
				878AEA9D21CBA13E00BABCDE /* Assets.xcassets in Resources */,
				878AEA9B21CBA13E00BABCDE /* Interface.storyboard in Resources */,
			);
			runOnlyForDeploymentPostprocessing = 0;
		};
		878AEAA121CBA13E00BABCDE /* Resources */ = {
			isa = PBXResourcesBuildPhase;
			buildActionMask = 2147483647;
			files = (
				878AEAB321CBA13F00BABCDE /* Assets.xcassets in Resources */,
				878AEAAB21CBA13F00BABCDE /* GameScene.sks in Resources */,
			);
			runOnlyForDeploymentPostprocessing = 0;
		};
/* End PBXResourcesBuildPhase section */

/* Begin PBXSourcesBuildPhase section */
		8782D33E21CB85450022A0F6 /* Sources */ = {
			isa = PBXSourcesBuildPhase;
			buildActionMask = 2147483647;
			files = (
				8782D34C21CB85450022A0F6 /* GameScene.swift in Sources */,
				8782D34E21CB85450022A0F6 /* GameViewController.swift in Sources */,
				8782D34621CB85450022A0F6 /* AppDelegate.swift in Sources */,
			);
			runOnlyForDeploymentPostprocessing = 0;
		};
		878AEA9F21CBA13E00BABCDE /* Sources */ = {
			isa = PBXSourcesBuildPhase;
			buildActionMask = 2147483647;
			files = (
				878AEAAD21CBA13F00BABCDE /* GameScene.swift in Sources */,
				878AEAA921CBA13E00BABCDE /* InterfaceController.swift in Sources */,
				878AEAB121CBA13F00BABCDE /* NotificationController.swift in Sources */,
				878AEAAF21CBA13F00BABCDE /* ExtensionDelegate.swift in Sources */,
			);
			runOnlyForDeploymentPostprocessing = 0;
		};
/* End PBXSourcesBuildPhase section */

/* Begin PBXTargetDependency section */
		878AEAA621CBA13E00BABCDE /* PBXTargetDependency */ = {
			isa = PBXTargetDependency;
			target = 878AEAA221CBA13E00BABCDE /* Pong For Watch Extension */;
			targetProxy = 878AEAA521CBA13E00BABCDE /* PBXContainerItemProxy */;
		};
		878AEAB721CBA13F00BABCDE /* PBXTargetDependency */ = {
			isa = PBXTargetDependency;
			target = 878AEA9621CBA13E00BABCDE /* Pong For Watch */;
			targetProxy = 878AEAB621CBA13F00BABCDE /* PBXContainerItemProxy */;
		};
/* End PBXTargetDependency section */

/* Begin PBXVariantGroup section */
		8782D34F21CB85450022A0F6 /* Main.storyboard */ = {
			isa = PBXVariantGroup;
			children = (
				8782D35021CB85450022A0F6 /* Base */,
			);
			name = Main.storyboard;
			sourceTree = "<group>";
		};
		8782D35421CB85450022A0F6 /* LaunchScreen.storyboard */ = {
			isa = PBXVariantGroup;
			children = (
				8782D35521CB85450022A0F6 /* Base */,
			);
			name = LaunchScreen.storyboard;
			sourceTree = "<group>";
		};
		878AEA9921CBA13E00BABCDE /* Interface.storyboard */ = {
			isa = PBXVariantGroup;
			children = (
				878AEA9A21CBA13E00BABCDE /* Base */,
			);
			name = Interface.storyboard;
			sourceTree = "<group>";
		};
/* End PBXVariantGroup section */

/* Begin XCBuildConfiguration section */
		8782D35821CB85450022A0F6 /* Debug */ = {
			isa = XCBuildConfiguration;
			buildSettings = {
				ALWAYS_SEARCH_USER_PATHS = NO;
				CLANG_ANALYZER_NONNULL = YES;
				CLANG_ANALYZER_NUMBER_OBJECT_CONVERSION = YES_AGGRESSIVE;
				CLANG_CXX_LANGUAGE_STANDARD = "gnu++14";
				CLANG_CXX_LIBRARY = "libc++";
				CLANG_ENABLE_MODULES = YES;
				CLANG_ENABLE_OBJC_ARC = YES;
				CLANG_ENABLE_OBJC_WEAK = YES;
				CLANG_WARN_BLOCK_CAPTURE_AUTORELEASING = YES;
				CLANG_WARN_BOOL_CONVERSION = YES;
				CLANG_WARN_COMMA = YES;
				CLANG_WARN_CONSTANT_CONVERSION = YES;
				CLANG_WARN_DEPRECATED_OBJC_IMPLEMENTATIONS = YES;
				CLANG_WARN_DIRECT_OBJC_ISA_USAGE = YES_ERROR;
				CLANG_WARN_DOCUMENTATION_COMMENTS = YES;
				CLANG_WARN_EMPTY_BODY = YES;
				CLANG_WARN_ENUM_CONVERSION = YES;
				CLANG_WARN_INFINITE_RECURSION = YES;
				CLANG_WARN_INT_CONVERSION = YES;
				CLANG_WARN_NON_LITERAL_NULL_CONVERSION = YES;
				CLANG_WARN_OBJC_IMPLICIT_RETAIN_SELF = YES;
				CLANG_WARN_OBJC_LITERAL_CONVERSION = YES;
				CLANG_WARN_OBJC_ROOT_CLASS = YES_ERROR;
				CLANG_WARN_RANGE_LOOP_ANALYSIS = YES;
				CLANG_WARN_STRICT_PROTOTYPES = YES;
				CLANG_WARN_SUSPICIOUS_MOVE = YES;
				CLANG_WARN_UNGUARDED_AVAILABILITY = YES_AGGRESSIVE;
				CLANG_WARN_UNREACHABLE_CODE = YES;
				CLANG_WARN__DUPLICATE_METHOD_MATCH = YES;
				CODE_SIGN_IDENTITY = "iPhone Developer";
				COPY_PHASE_STRIP = NO;
				DEBUG_INFORMATION_FORMAT = dwarf;
				ENABLE_STRICT_OBJC_MSGSEND = YES;
				ENABLE_TESTABILITY = YES;
				GCC_C_LANGUAGE_STANDARD = gnu11;
				GCC_DYNAMIC_NO_PIC = NO;
				GCC_NO_COMMON_BLOCKS = YES;
				GCC_OPTIMIZATION_LEVEL = 0;
				GCC_PREPROCESSOR_DEFINITIONS = (
					"DEBUG=1",
					"$(inherited)",
				);
				GCC_WARN_64_TO_32_BIT_CONVERSION = YES;
				GCC_WARN_ABOUT_RETURN_TYPE = YES_ERROR;
				GCC_WARN_UNDECLARED_SELECTOR = YES;
				GCC_WARN_UNINITIALIZED_AUTOS = YES_AGGRESSIVE;
				GCC_WARN_UNUSED_FUNCTION = YES;
				GCC_WARN_UNUSED_VARIABLE = YES;
				IPHONEOS_DEPLOYMENT_TARGET = 12.1;
				MTL_ENABLE_DEBUG_INFO = INCLUDE_SOURCE;
				MTL_FAST_MATH = YES;
				ONLY_ACTIVE_ARCH = YES;
				SDKROOT = iphoneos;
				SWIFT_ACTIVE_COMPILATION_CONDITIONS = DEBUG;
				SWIFT_OPTIMIZATION_LEVEL = "-Onone";
			};
			name = Debug;
		};
		8782D35921CB85450022A0F6 /* Release */ = {
			isa = XCBuildConfiguration;
			buildSettings = {
				ALWAYS_SEARCH_USER_PATHS = NO;
				CLANG_ANALYZER_NONNULL = YES;
				CLANG_ANALYZER_NUMBER_OBJECT_CONVERSION = YES_AGGRESSIVE;
				CLANG_CXX_LANGUAGE_STANDARD = "gnu++14";
				CLANG_CXX_LIBRARY = "libc++";
				CLANG_ENABLE_MODULES = YES;
				CLANG_ENABLE_OBJC_ARC = YES;
				CLANG_ENABLE_OBJC_WEAK = YES;
				CLANG_WARN_BLOCK_CAPTURE_AUTORELEASING = YES;
				CLANG_WARN_BOOL_CONVERSION = YES;
				CLANG_WARN_COMMA = YES;
				CLANG_WARN_CONSTANT_CONVERSION = YES;
				CLANG_WARN_DEPRECATED_OBJC_IMPLEMENTATIONS = YES;
				CLANG_WARN_DIRECT_OBJC_ISA_USAGE = YES_ERROR;
				CLANG_WARN_DOCUMENTATION_COMMENTS = YES;
				CLANG_WARN_EMPTY_BODY = YES;
				CLANG_WARN_ENUM_CONVERSION = YES;
				CLANG_WARN_INFINITE_RECURSION = YES;
				CLANG_WARN_INT_CONVERSION = YES;
				CLANG_WARN_NON_LITERAL_NULL_CONVERSION = YES;
				CLANG_WARN_OBJC_IMPLICIT_RETAIN_SELF = YES;
				CLANG_WARN_OBJC_LITERAL_CONVERSION = YES;
				CLANG_WARN_OBJC_ROOT_CLASS = YES_ERROR;
				CLANG_WARN_RANGE_LOOP_ANALYSIS = YES;
				CLANG_WARN_STRICT_PROTOTYPES = YES;
				CLANG_WARN_SUSPICIOUS_MOVE = YES;
				CLANG_WARN_UNGUARDED_AVAILABILITY = YES_AGGRESSIVE;
				CLANG_WARN_UNREACHABLE_CODE = YES;
				CLANG_WARN__DUPLICATE_METHOD_MATCH = YES;
				CODE_SIGN_IDENTITY = "iPhone Developer";
				COPY_PHASE_STRIP = NO;
				DEBUG_INFORMATION_FORMAT = "dwarf-with-dsym";
				ENABLE_NS_ASSERTIONS = NO;
				ENABLE_STRICT_OBJC_MSGSEND = YES;
				GCC_C_LANGUAGE_STANDARD = gnu11;
				GCC_NO_COMMON_BLOCKS = YES;
				GCC_WARN_64_TO_32_BIT_CONVERSION = YES;
				GCC_WARN_ABOUT_RETURN_TYPE = YES_ERROR;
				GCC_WARN_UNDECLARED_SELECTOR = YES;
				GCC_WARN_UNINITIALIZED_AUTOS = YES_AGGRESSIVE;
				GCC_WARN_UNUSED_FUNCTION = YES;
				GCC_WARN_UNUSED_VARIABLE = YES;
				IPHONEOS_DEPLOYMENT_TARGET = 12.1;
				MTL_ENABLE_DEBUG_INFO = NO;
				MTL_FAST_MATH = YES;
				SDKROOT = iphoneos;
				SWIFT_COMPILATION_MODE = wholemodule;
				SWIFT_OPTIMIZATION_LEVEL = "-O";
				VALIDATE_PRODUCT = YES;
			};
			name = Release;
		};
		8782D35B21CB85450022A0F6 /* Debug */ = {
			isa = XCBuildConfiguration;
			buildSettings = {
				ASSETCATALOG_COMPILER_APPICON_NAME = AppIcon;
				CODE_SIGN_STYLE = Automatic;
				DEVELOPMENT_TEAM = 8HT35697U5;
				INFOPLIST_FILE = Pong/Info.plist;
				LD_RUNPATH_SEARCH_PATHS = (
					"$(inherited)",
					"@executable_path/Frameworks",
				);
				PRODUCT_BUNDLE_IDENTIFIER = com.PS.Pong;
				PRODUCT_NAME = "$(TARGET_NAME)";
				SWIFT_VERSION = 4.2;
				TARGETED_DEVICE_FAMILY = "1,2";
			};
			name = Debug;
		};
		8782D35C21CB85450022A0F6 /* Release */ = {
			isa = XCBuildConfiguration;
			buildSettings = {
				ASSETCATALOG_COMPILER_APPICON_NAME = AppIcon;
				CODE_SIGN_STYLE = Automatic;
				DEVELOPMENT_TEAM = 8HT35697U5;
				INFOPLIST_FILE = Pong/Info.plist;
				LD_RUNPATH_SEARCH_PATHS = (
					"$(inherited)",
					"@executable_path/Frameworks",
				);
				PRODUCT_BUNDLE_IDENTIFIER = com.PS.Pong;
				PRODUCT_NAME = "$(TARGET_NAME)";
				SWIFT_VERSION = 4.2;
				TARGETED_DEVICE_FAMILY = "1,2";
			};
			name = Release;
		};
		878AEAB921CBA13F00BABCDE /* Debug */ = {
			isa = XCBuildConfiguration;
			buildSettings = {
				ALWAYS_EMBED_SWIFT_STANDARD_LIBRARIES = YES;
				ASSETCATALOG_COMPILER_APPICON_NAME = AppIcon;
				CODE_SIGN_STYLE = Automatic;
				DEVELOPMENT_TEAM = 8HT35697U5;
				IBSC_MODULE = Pong_For_Watch_Extension;
				INFOPLIST_FILE = "Pong For Watch/Info.plist";
				PRODUCT_BUNDLE_IDENTIFIER = com.PS.Pong.watchkitapp;
				PRODUCT_NAME = "$(TARGET_NAME)";
				SDKROOT = watchos;
				SKIP_INSTALL = YES;
				SWIFT_VERSION = 4.2;
				TARGETED_DEVICE_FAMILY = 4;
				WATCHOS_DEPLOYMENT_TARGET = 5.1;
			};
			name = Debug;
		};
		878AEABA21CBA13F00BABCDE /* Release */ = {
			isa = XCBuildConfiguration;
			buildSettings = {
				ALWAYS_EMBED_SWIFT_STANDARD_LIBRARIES = YES;
				ASSETCATALOG_COMPILER_APPICON_NAME = AppIcon;
				CODE_SIGN_STYLE = Automatic;
				DEVELOPMENT_TEAM = 8HT35697U5;
				IBSC_MODULE = Pong_For_Watch_Extension;
				INFOPLIST_FILE = "Pong For Watch/Info.plist";
				PRODUCT_BUNDLE_IDENTIFIER = com.PS.Pong.watchkitapp;
				PRODUCT_NAME = "$(TARGET_NAME)";
				SDKROOT = watchos;
				SKIP_INSTALL = YES;
				SWIFT_VERSION = 4.2;
				TARGETED_DEVICE_FAMILY = 4;
				WATCHOS_DEPLOYMENT_TARGET = 5.1;
			};
			name = Release;
		};
		878AEABB21CBA13F00BABCDE /* Debug */ = {
			isa = XCBuildConfiguration;
			buildSettings = {
				ASSETCATALOG_COMPILER_COMPLICATION_NAME = Complication;
				CODE_SIGN_STYLE = Automatic;
				DEVELOPMENT_TEAM = 8HT35697U5;
				INFOPLIST_FILE = "Pong For Watch Extension/Info.plist";
				LD_RUNPATH_SEARCH_PATHS = (
					"$(inherited)",
					"@executable_path/Frameworks",
					"@executable_path/../../Frameworks",
				);
				PRODUCT_BUNDLE_IDENTIFIER = com.PS.Pong.watchkitapp.watchkitextension;
				PRODUCT_NAME = "${TARGET_NAME}";
				SDKROOT = watchos;
				SKIP_INSTALL = YES;
				SWIFT_VERSION = 4.2;
				TARGETED_DEVICE_FAMILY = 4;
				WATCHOS_DEPLOYMENT_TARGET = 5.1;
			};
			name = Debug;
		};
		878AEABC21CBA13F00BABCDE /* Release */ = {
			isa = XCBuildConfiguration;
			buildSettings = {
				ASSETCATALOG_COMPILER_COMPLICATION_NAME = Complication;
				CODE_SIGN_STYLE = Automatic;
				DEVELOPMENT_TEAM = 8HT35697U5;
				INFOPLIST_FILE = "Pong For Watch Extension/Info.plist";
				LD_RUNPATH_SEARCH_PATHS = (
					"$(inherited)",
					"@executable_path/Frameworks",
					"@executable_path/../../Frameworks",
				);
				PRODUCT_BUNDLE_IDENTIFIER = com.PS.Pong.watchkitapp.watchkitextension;
				PRODUCT_NAME = "${TARGET_NAME}";
				SDKROOT = watchos;
				SKIP_INSTALL = YES;
				SWIFT_VERSION = 4.2;
				TARGETED_DEVICE_FAMILY = 4;
				WATCHOS_DEPLOYMENT_TARGET = 5.1;
			};
			name = Release;
		};
/* End XCBuildConfiguration section */

/* Begin XCConfigurationList section */
		8782D33D21CB85450022A0F6 /* Build configuration list for PBXProject "Pong" */ = {
			isa = XCConfigurationList;
			buildConfigurations = (
				8782D35821CB85450022A0F6 /* Debug */,
				8782D35921CB85450022A0F6 /* Release */,
			);
			defaultConfigurationIsVisible = 0;
			defaultConfigurationName = Release;
		};
		8782D35A21CB85450022A0F6 /* Build configuration list for PBXNativeTarget "Pong" */ = {
			isa = XCConfigurationList;
			buildConfigurations = (
				8782D35B21CB85450022A0F6 /* Debug */,
				8782D35C21CB85450022A0F6 /* Release */,
			);
			defaultConfigurationIsVisible = 0;
			defaultConfigurationName = Release;
		};
		878AEABD21CBA13F00BABCDE /* Build configuration list for PBXNativeTarget "Pong For Watch Extension" */ = {
			isa = XCConfigurationList;
			buildConfigurations = (
				878AEABB21CBA13F00BABCDE /* Debug */,
				878AEABC21CBA13F00BABCDE /* Release */,
			);
			defaultConfigurationIsVisible = 0;
			defaultConfigurationName = Release;
		};
		878AEABF21CBA13F00BABCDE /* Build configuration list for PBXNativeTarget "Pong For Watch" */ = {
			isa = XCConfigurationList;
			buildConfigurations = (
				878AEAB921CBA13F00BABCDE /* Debug */,
				878AEABA21CBA13F00BABCDE /* Release */,
			);
			defaultConfigurationIsVisible = 0;
			defaultConfigurationName = Release;
		};
/* End XCConfigurationList section */
	};
	rootObject = 8782D33A21CB85450022A0F6 /* Project object */;
}
